
Microsoft Visual Studio Solution File, Format Version 12.00
# Visual Studio 15
VisualStudioVersion = 15.0.26228.10
MinimumVisualStudioVersion = 10.0.40219.1
Project("{8BC9CEB8-8B4A-11D0-8D11-00A0C91BC942}") = "att", "att.vcxproj", "{D64E5D48-EA92-4BA7-A965-2DBA2ACB370F}"
EndProject
Global
	GlobalSection(SolutionConfigurationPlatforms) = preSolution
		Debug|x64 = Debug|x64
		Debug|x86 = Debug|x86
		DebugClang|x64 = DebugClang|x64
		DebugClang|x86 = DebugClang|x86
		Release|x64 = Release|x64
		Release|x86 = Release|x86
	EndGlobalSection
	GlobalSection(ProjectConfigurationPlatforms) = postSolution
		{D64E5D48-EA92-4BA7-A965-2DBA2ACB370F}.Debug|x64.ActiveCfg = Debug|x64
		{D64E5D48-EA92-4BA7-A965-2DBA2ACB370F}.Debug|x64.Build.0 = Debug|x64
		{D64E5D48-EA92-4BA7-A965-2DBA2ACB370F}.Debug|x86.ActiveCfg = Debug|Win32
		{D64E5D48-EA92-4BA7-A965-2DBA2ACB370F}.Debug|x86.Build.0 = Debug|Win32
		{D64E5D48-EA92-4BA7-A965-2DBA2ACB370F}.DebugClang|x64.ActiveCfg = DebugClang|x64
		{D64E5D48-EA92-4BA7-A965-2DBA2ACB370F}.DebugClang|x64.Build.0 = DebugClang|x64
		{D64E5D48-EA92-4BA7-A965-2DBA2ACB370F}.DebugClang|x86.ActiveCfg = DebugClang|Win32
		{D64E5D48-EA92-4BA7-A965-2DBA2ACB370F}.DebugClang|x86.Build.0 = DebugClang|Win32
		{D64E5D48-EA92-4BA7-A965-2DBA2ACB370F}.Release|x64.ActiveCfg = Release|x64
		{D64E5D48-EA92-4BA7-A965-2DBA2ACB370F}.Release|x64.Build.0 = Release|x64
		{D64E5D48-EA92-4BA7-A965-2DBA2ACB370F}.Release|x86.ActiveCfg = Release|Win32
		{D64E5D48-EA92-4BA7-A965-2DBA2ACB370F}.Release|x86.Build.0 = Release|Win32
	EndGlobalSection
	GlobalSection(SolutionProperties) = preSolution
		HideSolutionNode = FALSE
	EndGlobalSection
EndGlobal
